<?xml version="1.0" encoding="utf-8"?>
<Project ToolsVersion="4.0" xmlns="http://schemas.microsoft.com/developer/msbuild/2003">
  <ItemGroup>
    <ClCompile Include="Engine.cpp" />
    <ClCompile Include="FrameBuffer.cpp" />
    <ClCompile Include="Gui.cpp" />
    <ClCompile Include="imgui_impl_glfw_gl3.cpp" />
    <ClCompile Include="main.cpp" />
    <ClCompile Include="Quad.cpp" />
    <ClCompile Include="Shader.cpp" />
    <ClCompile Include="ShaderManager.cpp" />
    <ClCompile Include="stdafx.cpp" />
    <ClCompile Include="Texture.cpp" />
    <ClCompile Include="TextureManager.cpp" />
    <ClCompile Include="Util.cpp" />
    <ClCompile Include="Window.cpp" />
    <ClCompile Include="thirdparty\glad\glad.c" />
    <ClCompile Include="thirdparty\imgui\imgui.cpp" />
    <ClCompile Include="thirdparty\imgui\imgui_demo.cpp" />
    <ClCompile Include="thirdparty\imgui\imgui_draw.cpp" />
  </ItemGroup>
  <ItemGroup>
    <ClInclude Include="Engine.h" />
    <ClInclude Include="FrameBuffer.h" />
    <ClInclude Include="Gui.h" />
    <ClInclude Include="imgui_impl_glfw_gl3.h" />
    <ClInclude Include="Quad.h" />
    <ClInclude Include="Shader.h" />
    <ClInclude Include="ShaderManager.h" />
    <ClInclude Include="stdafx.h" />
    <ClInclude Include="Texture.h" />
    <ClInclude Include="TextureManager.h" />
    <ClInclude Include="Types.h" />
    <ClInclude Include="Uncopiable.h" />
    <ClInclude Include="Util.h" />
    <ClInclude Include="Window.h" />
    <ClInclude Include="thirdparty\glad\glad.h" />
    <ClInclude Include="thirdparty\glad\khrplatform.h" />
    <ClInclude Include="thirdparty\imgui\imgui.h" />
    <ClInclude Include="thirdparty\imgui\imgui_internal.h" />
  </ItemGroup>
  <ItemGroup>
    <Image Include="image.png" />
  </ItemGroup>
  <ItemGroup>
    <None Include="Shaders\Blit.frag" />
    <None Include="Shaders\Blit.vert" />
    <None Include="Shaders\SecondPass.frag" />
    <None Include="Shaders\SecondPass.vert" />
    <None Include="Shaders\FirstPassTri.vert" />
    <None Include="Shaders\FirstPassTri.frag" />
    <None Include="Shaders\FirstPassQuad.frag" />
    <None Include="Shaders\FirstPassQuad.vert" />
  </ItemGroup>
</Project>